
Microsoft Visual Studio Solution File, Format Version 12.00
# Visual Studio 14
VisualStudioVersion = 14.0.23107.0
MinimumVisualStudioVersion = 10.0.40219.1
Project("{FAE04EC0-301F-11D3-BF4B-00C04F79EFBC}") = "EFDatabase", "EFDatabase\EFDatabase.csproj", "{42663FF1-39FF-4CB1-B09E-C990FBC32B02}"
EndProject
Project("{FAE04EC0-301F-11D3-BF4B-00C04F79EFBC}") = "Debugger", "Debugger\Debugger.csproj", "{732DA764-B534-46C4-A62E-9969D8F1E339}"
EndProject
Project("{FAE04EC0-301F-11D3-BF4B-00C04F79EFBC}") = "DatabaseService", "DatabaseService\DatabaseService.csproj", "{4986CF16-A71A-4BD5-BDB5-0673CA893577}"
EndProject
Project("{FAE04EC0-301F-11D3-BF4B-00C04F79EFBC}") = "WebApp", "WebApp\WebApp.csproj", "{1E4D2F90-9FE5-4838-AF81-81C3CA2976AA}"
EndProject
Project("{FAE04EC0-301F-11D3-BF4B-00C04F79EFBC}") = "Test.API", "Test.API\Test.API.csproj", "{345FCCC5-B227-4866-BD75-93E94A1ADA7B}"
EndProject
Global
	GlobalSection(SolutionConfigurationPlatforms) = preSolution
		Debug|Any CPU = Debug|Any CPU
		Release|Any CPU = Release|Any CPU
	EndGlobalSection
	GlobalSection(ProjectConfigurationPlatforms) = postSolution
		{42663FF1-39FF-4CB1-B09E-C990FBC32B02}.Debug|Any CPU.ActiveCfg = Debug|Any CPU
		{42663FF1-39FF-4CB1-B09E-C990FBC32B02}.Debug|Any CPU.Build.0 = Debug|Any CPU
		{42663FF1-39FF-4CB1-B09E-C990FBC32B02}.Release|Any CPU.ActiveCfg = Release|Any CPU
		{42663FF1-39FF-4CB1-B09E-C990FBC32B02}.Release|Any CPU.Build.0 = Release|Any CPU
		{732DA764-B534-46C4-A62E-9969D8F1E339}.Debug|Any CPU.ActiveCfg = Debug|Any CPU
		{732DA764-B534-46C4-A62E-9969D8F1E339}.Debug|Any CPU.Build.0 = Debug|Any CPU
		{732DA764-B534-46C4-A62E-9969D8F1E339}.Release|Any CPU.ActiveCfg = Release|Any CPU
		{732DA764-B534-46C4-A62E-9969D8F1E339}.Release|Any CPU.Build.0 = Release|Any CPU
		{4986CF16-A71A-4BD5-BDB5-0673CA893577}.Debug|Any CPU.ActiveCfg = Debug|Any CPU
		{4986CF16-A71A-4BD5-BDB5-0673CA893577}.Debug|Any CPU.Build.0 = Debug|Any CPU
		{4986CF16-A71A-4BD5-BDB5-0673CA893577}.Release|Any CPU.ActiveCfg = Release|Any CPU
		{4986CF16-A71A-4BD5-BDB5-0673CA893577}.Release|Any CPU.Build.0 = Release|Any CPU
		{1E4D2F90-9FE5-4838-AF81-81C3CA2976AA}.Debug|Any CPU.ActiveCfg = Debug|Any CPU
		{1E4D2F90-9FE5-4838-AF81-81C3CA2976AA}.Debug|Any CPU.Build.0 = Debug|Any CPU
		{1E4D2F90-9FE5-4838-AF81-81C3CA2976AA}.Release|Any CPU.ActiveCfg = Release|Any CPU
		{1E4D2F90-9FE5-4838-AF81-81C3CA2976AA}.Release|Any CPU.Build.0 = Release|Any CPU
		{345FCCC5-B227-4866-BD75-93E94A1ADA7B}.Debug|Any CPU.ActiveCfg = Debug|Any CPU
		{345FCCC5-B227-4866-BD75-93E94A1ADA7B}.Debug|Any CPU.Build.0 = Debug|Any CPU
		{345FCCC5-B227-4866-BD75-93E94A1ADA7B}.Release|Any CPU.ActiveCfg = Release|Any CPU
		{345FCCC5-B227-4866-BD75-93E94A1ADA7B}.Release|Any CPU.Build.0 = Release|Any CPU
	EndGlobalSection
	GlobalSection(SolutionProperties) = preSolution
		HideSolutionNode = FALSE
	EndGlobalSection
EndGlobal
